
Microsoft Visual Studio Solution File, Format Version 12.00
# Visual Studio Version 17
VisualStudioVersion = 17.11.35312.102
MinimumVisualStudioVersion = 10.0.40219.1
Project("{2150E333-8FDC-42A3-9474-1A3956D46DE8}") = "API", "API", "{AB5F3523-0861-4598-A847-5E621DCA6326}"
EndProject
Project("{FAE04EC0-301F-11D3-BF4B-00C04F79EFBC}") = "WebAPI", "WebAPI\WebAPI.csproj", "{4D1E5DE9-39FD-4D7A-BBF0-AAF5D24B36DE}"
EndProject
Project("{2150E333-8FDC-42A3-9474-1A3956D46DE8}") = "Application", "Application", "{D3FF8E52-2391-48A3-BC20-53ECC6C7F8FA}"
EndProject
Project("{FAE04EC0-301F-11D3-BF4B-00C04F79EFBC}") = "Application", "Application\Application.csproj", "{BC102635-4DA1-4015-8E43-01E5DF1669DB}"
EndProject
Project("{2150E333-8FDC-42A3-9474-1A3956D46DE8}") = "Domain", "Domain", "{CE028565-3483-40C2-8B8D-8B419987FA7D}"
EndProject
Project("{FAE04EC0-301F-11D3-BF4B-00C04F79EFBC}") = "Domain", "Domain\Domain.csproj", "{D1BA12B8-240E-48A3-AA3E-729519BB18EB}"
EndProject
Project("{2150E333-8FDC-42A3-9474-1A3956D46DE8}") = "Infrastructure", "Infrastructure", "{42510AAE-9F9A-4CFE-AE5A-90D09A04C843}"
EndProject
Project("{FAE04EC0-301F-11D3-BF4B-00C04F79EFBC}") = "Database", "Database\Database.csproj", "{45B3C3B8-3CFF-4F2E-AD40-D5AFBCC5FDF8}"
EndProject
Project("{2150E333-8FDC-42A3-9474-1A3956D46DE8}") = "Presentations", "Presentations", "{8EA366D2-3EC0-44BD-B943-64217045EB33}"
EndProject
Project("{2150E333-8FDC-42A3-9474-1A3956D46DE8}") = "Tests", "Tests", "{B979FF0F-6A36-41B0-B83B-8FEA54E304C0}"
EndProject
Project("{2150E333-8FDC-42A3-9474-1A3956D46DE8}") = "Tests", "Tests", "{5CE4F8DB-344F-4103-90F3-2B1F4521A336}"
EndProject
Project("{FAE04EC0-301F-11D3-BF4B-00C04F79EFBC}") = "Tests", "Tests\Tests.csproj", "{96BCF5E4-5495-4F07-AC6C-1BBC9DBD59BD}"
EndProject
Global
	GlobalSection(SolutionConfigurationPlatforms) = preSolution
		Debug|Any CPU = Debug|Any CPU
		Release|Any CPU = Release|Any CPU
	EndGlobalSection
	GlobalSection(ProjectConfigurationPlatforms) = postSolution
		{4D1E5DE9-39FD-4D7A-BBF0-AAF5D24B36DE}.Debug|Any CPU.ActiveCfg = Debug|Any CPU
		{4D1E5DE9-39FD-4D7A-BBF0-AAF5D24B36DE}.Debug|Any CPU.Build.0 = Debug|Any CPU
		{4D1E5DE9-39FD-4D7A-BBF0-AAF5D24B36DE}.Release|Any CPU.ActiveCfg = Release|Any CPU
		{4D1E5DE9-39FD-4D7A-BBF0-AAF5D24B36DE}.Release|Any CPU.Build.0 = Release|Any CPU
		{BC102635-4DA1-4015-8E43-01E5DF1669DB}.Debug|Any CPU.ActiveCfg = Debug|Any CPU
		{BC102635-4DA1-4015-8E43-01E5DF1669DB}.Debug|Any CPU.Build.0 = Debug|Any CPU
		{BC102635-4DA1-4015-8E43-01E5DF1669DB}.Release|Any CPU.ActiveCfg = Release|Any CPU
		{BC102635-4DA1-4015-8E43-01E5DF1669DB}.Release|Any CPU.Build.0 = Release|Any CPU
		{D1BA12B8-240E-48A3-AA3E-729519BB18EB}.Debug|Any CPU.ActiveCfg = Debug|Any CPU
		{D1BA12B8-240E-48A3-AA3E-729519BB18EB}.Debug|Any CPU.Build.0 = Debug|Any CPU
		{D1BA12B8-240E-48A3-AA3E-729519BB18EB}.Release|Any CPU.ActiveCfg = Release|Any CPU
		{D1BA12B8-240E-48A3-AA3E-729519BB18EB}.Release|Any CPU.Build.0 = Release|Any CPU
		{45B3C3B8-3CFF-4F2E-AD40-D5AFBCC5FDF8}.Debug|Any CPU.ActiveCfg = Debug|Any CPU
		{45B3C3B8-3CFF-4F2E-AD40-D5AFBCC5FDF8}.Debug|Any CPU.Build.0 = Debug|Any CPU
		{45B3C3B8-3CFF-4F2E-AD40-D5AFBCC5FDF8}.Release|Any CPU.ActiveCfg = Release|Any CPU
		{45B3C3B8-3CFF-4F2E-AD40-D5AFBCC5FDF8}.Release|Any CPU.Build.0 = Release|Any CPU
		{96BCF5E4-5495-4F07-AC6C-1BBC9DBD59BD}.Debug|Any CPU.ActiveCfg = Debug|Any CPU
		{96BCF5E4-5495-4F07-AC6C-1BBC9DBD59BD}.Debug|Any CPU.Build.0 = Debug|Any CPU
		{96BCF5E4-5495-4F07-AC6C-1BBC9DBD59BD}.Release|Any CPU.ActiveCfg = Release|Any CPU
		{96BCF5E4-5495-4F07-AC6C-1BBC9DBD59BD}.Release|Any CPU.Build.0 = Release|Any CPU
	EndGlobalSection
	GlobalSection(SolutionProperties) = preSolution
		HideSolutionNode = FALSE
	EndGlobalSection
	GlobalSection(NestedProjects) = preSolution
		{4D1E5DE9-39FD-4D7A-BBF0-AAF5D24B36DE} = {AB5F3523-0861-4598-A847-5E621DCA6326}
		{BC102635-4DA1-4015-8E43-01E5DF1669DB} = {D3FF8E52-2391-48A3-BC20-53ECC6C7F8FA}
		{D1BA12B8-240E-48A3-AA3E-729519BB18EB} = {CE028565-3483-40C2-8B8D-8B419987FA7D}
		{45B3C3B8-3CFF-4F2E-AD40-D5AFBCC5FDF8} = {42510AAE-9F9A-4CFE-AE5A-90D09A04C843}
		{B979FF0F-6A36-41B0-B83B-8FEA54E304C0} = {AB5F3523-0861-4598-A847-5E621DCA6326}
		{96BCF5E4-5495-4F07-AC6C-1BBC9DBD59BD} = {5CE4F8DB-344F-4103-90F3-2B1F4521A336}
	EndGlobalSection
	GlobalSection(ExtensibilityGlobals) = postSolution
		SolutionGuid = {DF34424A-483D-435E-88DE-131E8B590492}
	EndGlobalSection
EndGlobal
